
Microsoft Visual Studio Solution File, Format Version 12.00
# Visual Studio Version 16
VisualStudioVersion = 16.0.32126.315
MinimumVisualStudioVersion = 10.0.40219.1
Project("{FAE04EC0-301F-11D3-BF4B-00C04F79EFBC}") = "Task3_metod", "Task3_metod\Task3_metod.csproj", "{1DC14A96-7683-4CB6-97BF-4E5BF9E44FCF}"
EndProject
Global
	GlobalSection(SolutionConfigurationPlatforms) = preSolution
		Debug|Any CPU = Debug|Any CPU
		Release|Any CPU = Release|Any CPU
	EndGlobalSection
	GlobalSection(ProjectConfigurationPlatforms) = postSolution
		{1DC14A96-7683-4CB6-97BF-4E5BF9E44FCF}.Debug|Any CPU.ActiveCfg = Debug|Any CPU
		{1DC14A96-7683-4CB6-97BF-4E5BF9E44FCF}.Debug|Any CPU.Build.0 = Debug|Any CPU
		{1DC14A96-7683-4CB6-97BF-4E5BF9E44FCF}.Release|Any CPU.ActiveCfg = Release|Any CPU
		{1DC14A96-7683-4CB6-97BF-4E5BF9E44FCF}.Release|Any CPU.Build.0 = Release|Any CPU
	EndGlobalSection
	GlobalSection(SolutionProperties) = preSolution
		HideSolutionNode = FALSE
	EndGlobalSection
	GlobalSection(ExtensibilityGlobals) = postSolution
		SolutionGuid = {5314BDD5-01F2-469D-AA91-153F8896DBE0}
	EndGlobalSection
EndGlobal
