
Microsoft Visual Studio Solution File, Format Version 12.00
# Visual Studio Version 16
VisualStudioVersion = 16.0.32126.315
MinimumVisualStudioVersion = 10.0.40219.1
Project("{FAE04EC0-301F-11D3-BF4B-00C04F79EFBC}") = "Task2_metod", "Task2_metod\Task2_metod.csproj", "{1571530E-88D5-4087-A79B-1C62A10C02BD}"
EndProject
Global
	GlobalSection(SolutionConfigurationPlatforms) = preSolution
		Debug|Any CPU = Debug|Any CPU
		Release|Any CPU = Release|Any CPU
	EndGlobalSection
	GlobalSection(ProjectConfigurationPlatforms) = postSolution
		{1571530E-88D5-4087-A79B-1C62A10C02BD}.Debug|Any CPU.ActiveCfg = Debug|Any CPU
		{1571530E-88D5-4087-A79B-1C62A10C02BD}.Debug|Any CPU.Build.0 = Debug|Any CPU
		{1571530E-88D5-4087-A79B-1C62A10C02BD}.Release|Any CPU.ActiveCfg = Release|Any CPU
		{1571530E-88D5-4087-A79B-1C62A10C02BD}.Release|Any CPU.Build.0 = Release|Any CPU
	EndGlobalSection
	GlobalSection(SolutionProperties) = preSolution
		HideSolutionNode = FALSE
	EndGlobalSection
	GlobalSection(ExtensibilityGlobals) = postSolution
		SolutionGuid = {887583A6-D930-4201-AC08-F77A8490C3FF}
	EndGlobalSection
EndGlobal
